
Microsoft Visual Studio Solution File, Format Version 12.00
# Visual Studio Version 16
VisualStudioVersion = 16.0.32228.343
MinimumVisualStudioVersion = 10.0.40219.1
Project("{FAE04EC0-301F-11D3-BF4B-00C04F79EFBC}") = "TP2", "WindowsFormsApp1\TP2.csproj", "{102C69A0-09C7-4545-A544-B74CD7A34ED9}"
EndProject
Global
	GlobalSection(SolutionConfigurationPlatforms) = preSolution
		Debug|Any CPU = Debug|Any CPU
		Release|Any CPU = Release|Any CPU
	EndGlobalSection
	GlobalSection(ProjectConfigurationPlatforms) = postSolution
		{102C69A0-09C7-4545-A544-B74CD7A34ED9}.Debug|Any CPU.ActiveCfg = Debug|Any CPU
		{102C69A0-09C7-4545-A544-B74CD7A34ED9}.Debug|Any CPU.Build.0 = Debug|Any CPU
		{102C69A0-09C7-4545-A544-B74CD7A34ED9}.Release|Any CPU.ActiveCfg = Release|Any CPU
		{102C69A0-09C7-4545-A544-B74CD7A34ED9}.Release|Any CPU.Build.0 = Release|Any CPU
	EndGlobalSection
	GlobalSection(SolutionProperties) = preSolution
		HideSolutionNode = FALSE
	EndGlobalSection
	GlobalSection(ExtensibilityGlobals) = postSolution
		SolutionGuid = {2AD7EAB0-11BD-4F61-9BFA-D709FDBE8FCC}
	EndGlobalSection
EndGlobal
